
Microsoft Visual Studio Solution File, Format Version 12.00
# Visual Studio 2012
Project("{2150E333-8FDC-42A3-9474-1A3956D46DE8}") = "Profile 4.0", "Profile 4.0", "{85FD25BC-65F6-4430-B543-35B2AA3197F2}"
EndProject
Project("{FAE04EC0-301F-11D3-BF4B-00C04F79EFBC}") = "MarcelJoachimKloubert.CLRToolboxReloaded.Mono.Mono4_0", "MarcelJoachimKloubert.CLRToolboxReloaded.Mono.Mono4_0\MarcelJoachimKloubert.CLRToolboxReloaded.Mono.Mono4_0.csproj", "{2CBA1F8A-874F-4D2E-8BBA-F8DDDD233DB3}"
EndProject
Project("{FAE04EC0-301F-11D3-BF4B-00C04F79EFBC}") = "MarcelJoachimKloubert.CLRToolboxReloaded.Mono.Mono4_0.Libs", "MarcelJoachimKloubert.CLRToolboxReloaded.Mono.Mono4_0.Libs\MarcelJoachimKloubert.CLRToolboxReloaded.Mono.Mono4_0.Libs.csproj", "{4D6C4613-C470-4F5B-B348-545EABE20E73}"
EndProject
Project("{FAE04EC0-301F-11D3-BF4B-00C04F79EFBC}") = "MarcelJoachimKloubert.CLRToolboxReloaded.Mono.Mono4_0.Tests", "MarcelJoachimKloubert.CLRToolboxReloaded.Mono.Mono4_0.Tests\MarcelJoachimKloubert.CLRToolboxReloaded.Mono.Mono4_0.Tests.csproj", "{A09AD07F-0670-4620-AB52-8377E0749BCF}"
EndProject
Project("{FAE04EC0-301F-11D3-BF4B-00C04F79EFBC}") = "MarcelJoachimKloubert.CLRToolboxReloaded.Mono.Mono4_0.Web", "MarcelJoachimKloubert.CLRToolboxReloaded.Mono.Mono4_0.Web\MarcelJoachimKloubert.CLRToolboxReloaded.Mono.Mono4_0.Web.csproj", "{CCB556D6-FB51-4A51-B0DF-825BD2A4103D}"
EndProject
Project("{FAE04EC0-301F-11D3-BF4B-00C04F79EFBC}") = "MarcelJoachimKloubert.CLRToolboxReloaded.Mono.Mono4_0.WinForms", "MarcelJoachimKloubert.CLRToolboxReloaded.Mono.Mono4_0.WinForms\MarcelJoachimKloubert.CLRToolboxReloaded.Mono.Mono4_0.WinForms.csproj", "{CE8EECBE-D024-41A4-A346-A88D5DFF6493}"
EndProject
Project("{2150E333-8FDC-42A3-9474-1A3956D46DE8}") = "Portable 4.0", "Portable 4.0", "{8EDF5B42-899B-4D69-B080-B2019A639DFC}"
EndProject
Project("{FAE04EC0-301F-11D3-BF4B-00C04F79EFBC}") = "MarcelJoachimKloubert.CLRToolboxReloaded.Mono.Portable4_0.Libs", "MarcelJoachimKloubert.CLRToolboxReloaded.Mono.Portable4_0.Libs\MarcelJoachimKloubert.CLRToolboxReloaded.Mono.Portable4_0.Libs.csproj", "{C9390E48-3EBF-4C46-B4D2-92F0ADB2FF77}"
EndProject
Project("{FAE04EC0-301F-11D3-BF4B-00C04F79EFBC}") = "MarcelJoachimKloubert.CLRToolboxReloaded.Mono.Portable4_0", "MarcelJoachimKloubert.CLRToolboxReloaded.Mono.Portable4_0.Libs\MarcelJoachimKloubert.CLRToolboxReloaded.Mono.Portable4_0\MarcelJoachimKloubert.CLRToolboxReloaded.Mono.Portable4_0.csproj", "{AAD84746-0328-45CB-B727-9F26E29AEDEC}"
EndProject
Global
	GlobalSection(SolutionConfigurationPlatforms) = preSolution
		Debug|Any CPU = Debug|Any CPU
		Release|Any CPU = Release|Any CPU
	EndGlobalSection
	GlobalSection(ProjectConfigurationPlatforms) = postSolution
		{2CBA1F8A-874F-4D2E-8BBA-F8DDDD233DB3}.Debug|Any CPU.ActiveCfg = Debug|Any CPU
		{2CBA1F8A-874F-4D2E-8BBA-F8DDDD233DB3}.Debug|Any CPU.Build.0 = Debug|Any CPU
		{2CBA1F8A-874F-4D2E-8BBA-F8DDDD233DB3}.Release|Any CPU.ActiveCfg = Release|Any CPU
		{2CBA1F8A-874F-4D2E-8BBA-F8DDDD233DB3}.Release|Any CPU.Build.0 = Release|Any CPU
		{4D6C4613-C470-4F5B-B348-545EABE20E73}.Debug|Any CPU.ActiveCfg = Debug|Any CPU
		{4D6C4613-C470-4F5B-B348-545EABE20E73}.Debug|Any CPU.Build.0 = Debug|Any CPU
		{4D6C4613-C470-4F5B-B348-545EABE20E73}.Release|Any CPU.ActiveCfg = Release|Any CPU
		{4D6C4613-C470-4F5B-B348-545EABE20E73}.Release|Any CPU.Build.0 = Release|Any CPU
		{A09AD07F-0670-4620-AB52-8377E0749BCF}.Debug|Any CPU.ActiveCfg = Debug|Any CPU
		{A09AD07F-0670-4620-AB52-8377E0749BCF}.Debug|Any CPU.Build.0 = Debug|Any CPU
		{A09AD07F-0670-4620-AB52-8377E0749BCF}.Release|Any CPU.ActiveCfg = Release|Any CPU
		{A09AD07F-0670-4620-AB52-8377E0749BCF}.Release|Any CPU.Build.0 = Release|Any CPU
		{AAD84746-0328-45CB-B727-9F26E29AEDEC}.Debug|Any CPU.ActiveCfg = Debug|Any CPU
		{AAD84746-0328-45CB-B727-9F26E29AEDEC}.Debug|Any CPU.Build.0 = Debug|Any CPU
		{AAD84746-0328-45CB-B727-9F26E29AEDEC}.Release|Any CPU.ActiveCfg = Release|Any CPU
		{AAD84746-0328-45CB-B727-9F26E29AEDEC}.Release|Any CPU.Build.0 = Release|Any CPU
		{C9390E48-3EBF-4C46-B4D2-92F0ADB2FF77}.Debug|Any CPU.ActiveCfg = Debug|Any CPU
		{C9390E48-3EBF-4C46-B4D2-92F0ADB2FF77}.Debug|Any CPU.Build.0 = Debug|Any CPU
		{C9390E48-3EBF-4C46-B4D2-92F0ADB2FF77}.Release|Any CPU.ActiveCfg = Release|Any CPU
		{C9390E48-3EBF-4C46-B4D2-92F0ADB2FF77}.Release|Any CPU.Build.0 = Release|Any CPU
		{CCB556D6-FB51-4A51-B0DF-825BD2A4103D}.Debug|Any CPU.ActiveCfg = Debug|Any CPU
		{CCB556D6-FB51-4A51-B0DF-825BD2A4103D}.Debug|Any CPU.Build.0 = Debug|Any CPU
		{CCB556D6-FB51-4A51-B0DF-825BD2A4103D}.Release|Any CPU.ActiveCfg = Release|Any CPU
		{CCB556D6-FB51-4A51-B0DF-825BD2A4103D}.Release|Any CPU.Build.0 = Release|Any CPU
		{CE8EECBE-D024-41A4-A346-A88D5DFF6493}.Debug|Any CPU.ActiveCfg = Debug|Any CPU
		{CE8EECBE-D024-41A4-A346-A88D5DFF6493}.Debug|Any CPU.Build.0 = Debug|Any CPU
		{CE8EECBE-D024-41A4-A346-A88D5DFF6493}.Release|Any CPU.ActiveCfg = Release|Any CPU
		{CE8EECBE-D024-41A4-A346-A88D5DFF6493}.Release|Any CPU.Build.0 = Release|Any CPU
	EndGlobalSection
	GlobalSection(NestedProjects) = preSolution
		{2CBA1F8A-874F-4D2E-8BBA-F8DDDD233DB3} = {85FD25BC-65F6-4430-B543-35B2AA3197F2}
		{4D6C4613-C470-4F5B-B348-545EABE20E73} = {85FD25BC-65F6-4430-B543-35B2AA3197F2}
		{A09AD07F-0670-4620-AB52-8377E0749BCF} = {85FD25BC-65F6-4430-B543-35B2AA3197F2}
		{CCB556D6-FB51-4A51-B0DF-825BD2A4103D} = {85FD25BC-65F6-4430-B543-35B2AA3197F2}
		{CE8EECBE-D024-41A4-A346-A88D5DFF6493} = {85FD25BC-65F6-4430-B543-35B2AA3197F2}
		{C9390E48-3EBF-4C46-B4D2-92F0ADB2FF77} = {8EDF5B42-899B-4D69-B080-B2019A639DFC}
		{AAD84746-0328-45CB-B727-9F26E29AEDEC} = {8EDF5B42-899B-4D69-B080-B2019A639DFC}
	EndGlobalSection
	GlobalSection(MonoDevelopProperties) = preSolution
		StartupItem = MarcelJoachimKloubert.CLRToolboxReloaded.Mono.Mono4_0.Tests\MarcelJoachimKloubert.CLRToolboxReloaded.Mono.Mono4_0.Tests.csproj
	EndGlobalSection
EndGlobal
