
Microsoft Visual Studio Solution File, Format Version 12.00
# Visual Studio 2013
VisualStudioVersion = 12.0.30324.0
MinimumVisualStudioVersion = 10.0.40219.1
Project("{2150E333-8FDC-42A3-9474-1A3956D46DE8}") = ".NET", ".NET", "{976F2476-B648-4BF6-A06C-05AC61917715}"
EndProject
Project("{2150E333-8FDC-42A3-9474-1A3956D46DE8}") = ".NET 4.0", ".NET 4.0", "{459BA81C-C476-4B85-AD7F-72CA8CD58BF1}"
EndProject
Project("{2150E333-8FDC-42A3-9474-1A3956D46DE8}") = ".NET 4.5", ".NET 4.5", "{0343F034-44A7-4473-9A44-2AEBA4F9C756}"
EndProject
Project("{2150E333-8FDC-42A3-9474-1A3956D46DE8}") = "Portable", "Portable", "{7159A1FB-0D0F-460A-A648-567AFCE45733}"
EndProject
Project("{2150E333-8FDC-42A3-9474-1A3956D46DE8}") = ".NET 4.0", ".NET 4.0", "{597ACEC5-7A26-4344-BE44-79B06A90A8BA}"
EndProject
Project("{2150E333-8FDC-42A3-9474-1A3956D46DE8}") = ".NET 4.5", ".NET 4.5", "{3DA4AD98-8E82-47A2-9925-77252598E5BE}"
EndProject
Project("{FAE04EC0-301F-11D3-BF4B-00C04F79EFBC}") = "MarcelJoachimKloubert.CLRToolboxReloaded.NET4_0", "MarcelJoachimKloubert.CLRToolboxReloaded.NET4_0\MarcelJoachimKloubert.CLRToolboxReloaded.NET4_0.csproj", "{BC43D1A1-D8B5-4632-9150-F945AF5390C7}"
EndProject
Project("{FAE04EC0-301F-11D3-BF4B-00C04F79EFBC}") = "MarcelJoachimKloubert.CLRToolboxReloaded.NET4_5", "MarcelJoachimKloubert.CLRToolboxReloaded.NET4_5\MarcelJoachimKloubert.CLRToolboxReloaded.NET4_5.csproj", "{D15249C7-977D-4A74-B596-BE0E08DC9E7B}"
EndProject
Project("{FAE04EC0-301F-11D3-BF4B-00C04F79EFBC}") = "MarcelJoachimKloubert.CLRToolboxReloaded.Portable.NET4_0", "MarcelJoachimKloubert.CLRToolboxReloaded.Portable.NET4_0\MarcelJoachimKloubert.CLRToolboxReloaded.Portable.NET4_0.csproj", "{9308B602-658B-4BD2-900F-BEA107A50B17}"
EndProject
Project("{FAE04EC0-301F-11D3-BF4B-00C04F79EFBC}") = "MarcelJoachimKloubert.CLRToolboxReloaded.Portable.NET4_5", "MarcelJoachimKloubert.CLRToolboxReloaded.Portable.NET4_5\MarcelJoachimKloubert.CLRToolboxReloaded.Portable.NET4_5.csproj", "{4E1276F2-8CDF-43C6-98ED-9C89CF66A9EE}"
EndProject
Project("{FAE04EC0-301F-11D3-BF4B-00C04F79EFBC}") = "MarcelJoachimKloubert.CLRToolboxReloaded.NET4_0.Libs", "MarcelJoachimKloubert.CLRToolboxReloaded.NET4_0.Libs\MarcelJoachimKloubert.CLRToolboxReloaded.NET4_0.Libs.csproj", "{A34446FC-8852-4A48-BE16-BF9337825AAE}"
EndProject
Project("{FAE04EC0-301F-11D3-BF4B-00C04F79EFBC}") = "MarcelJoachimKloubert.CLRToolboxReloaded.NET4_5.Libs", "MarcelJoachimKloubert.CLRToolboxReloaded.NET4_5.Libs\MarcelJoachimKloubert.CLRToolboxReloaded.NET4_5.Libs.csproj", "{D73E50C8-359A-4680-9FA5-8C200DE0DBC3}"
EndProject
Project("{FAE04EC0-301F-11D3-BF4B-00C04F79EFBC}") = "MarcelJoachimKloubert.CLRToolboxReloaded.Portable.NET4_0.Libs", "MarcelJoachimKloubert.CLRToolboxReloaded.Portable.NET4_0.Libs\MarcelJoachimKloubert.CLRToolboxReloaded.Portable.NET4_0.Libs.csproj", "{E2D1AD58-B249-459E-9F89-9FE05628B0D2}"
EndProject
Project("{FAE04EC0-301F-11D3-BF4B-00C04F79EFBC}") = "MarcelJoachimKloubert.CLRToolboxReloaded.Portable.NET4_5.Libs", "MarcelJoachimKloubert.CLRToolboxReloaded.Portable.NET4_5.Libs\MarcelJoachimKloubert.CLRToolboxReloaded.Portable.NET4_5.Libs.csproj", "{C1EFC4AD-35E9-4ED3-A555-04A68AF8F1AC}"
EndProject
Project("{FAE04EC0-301F-11D3-BF4B-00C04F79EFBC}") = "MarcelJoachimKloubert.CLRToolboxReloaded.NET4_0.Tests", "MarcelJoachimKloubert.CLRToolboxReloaded.NET4_0.Tests\MarcelJoachimKloubert.CLRToolboxReloaded.NET4_0.Tests.csproj", "{D45358C9-BE72-4174-85BF-4687C616C816}"
EndProject
Project("{FAE04EC0-301F-11D3-BF4B-00C04F79EFBC}") = "MarcelJoachimKloubert.CLRToolboxReloaded.NET4_5.Tests", "MarcelJoachimKloubert.CLRToolboxReloaded.NET4_5.Tests\MarcelJoachimKloubert.CLRToolboxReloaded.NET4_5.Tests.csproj", "{D5F0026C-4EE2-4EB0-A084-02F45414F04B}"
EndProject
Project("{FAE04EC0-301F-11D3-BF4B-00C04F79EFBC}") = "MarcelJoachimKloubert.CLRToolboxReloaded.NET4_0.Web", "MarcelJoachimKloubert.CLRToolboxReloaded.NET4_0.Web\MarcelJoachimKloubert.CLRToolboxReloaded.NET4_0.Web.csproj", "{AA28E758-21CC-47F8-A011-87AE340ED2FE}"
EndProject
Project("{FAE04EC0-301F-11D3-BF4B-00C04F79EFBC}") = "MarcelJoachimKloubert.CLRToolboxReloaded.NET4_5.Web", "MarcelJoachimKloubert.CLRToolboxReloaded.NET4_5.Web\MarcelJoachimKloubert.CLRToolboxReloaded.NET4_5.Web.csproj", "{8A636904-F73D-4DC6-8D41-6CED288D2E79}"
EndProject
Global
	GlobalSection(SolutionConfigurationPlatforms) = preSolution
		Debug|Any CPU = Debug|Any CPU
		Release|Any CPU = Release|Any CPU
	EndGlobalSection
	GlobalSection(ProjectConfigurationPlatforms) = postSolution
		{BC43D1A1-D8B5-4632-9150-F945AF5390C7}.Debug|Any CPU.ActiveCfg = Debug|Any CPU
		{BC43D1A1-D8B5-4632-9150-F945AF5390C7}.Debug|Any CPU.Build.0 = Debug|Any CPU
		{BC43D1A1-D8B5-4632-9150-F945AF5390C7}.Release|Any CPU.ActiveCfg = Release|Any CPU
		{BC43D1A1-D8B5-4632-9150-F945AF5390C7}.Release|Any CPU.Build.0 = Release|Any CPU
		{D15249C7-977D-4A74-B596-BE0E08DC9E7B}.Debug|Any CPU.ActiveCfg = Debug|Any CPU
		{D15249C7-977D-4A74-B596-BE0E08DC9E7B}.Debug|Any CPU.Build.0 = Debug|Any CPU
		{D15249C7-977D-4A74-B596-BE0E08DC9E7B}.Release|Any CPU.ActiveCfg = Release|Any CPU
		{D15249C7-977D-4A74-B596-BE0E08DC9E7B}.Release|Any CPU.Build.0 = Release|Any CPU
		{9308B602-658B-4BD2-900F-BEA107A50B17}.Debug|Any CPU.ActiveCfg = Debug|Any CPU
		{9308B602-658B-4BD2-900F-BEA107A50B17}.Debug|Any CPU.Build.0 = Debug|Any CPU
		{9308B602-658B-4BD2-900F-BEA107A50B17}.Release|Any CPU.ActiveCfg = Release|Any CPU
		{9308B602-658B-4BD2-900F-BEA107A50B17}.Release|Any CPU.Build.0 = Release|Any CPU
		{4E1276F2-8CDF-43C6-98ED-9C89CF66A9EE}.Debug|Any CPU.ActiveCfg = Debug|Any CPU
		{4E1276F2-8CDF-43C6-98ED-9C89CF66A9EE}.Debug|Any CPU.Build.0 = Debug|Any CPU
		{4E1276F2-8CDF-43C6-98ED-9C89CF66A9EE}.Release|Any CPU.ActiveCfg = Release|Any CPU
		{4E1276F2-8CDF-43C6-98ED-9C89CF66A9EE}.Release|Any CPU.Build.0 = Release|Any CPU
		{A34446FC-8852-4A48-BE16-BF9337825AAE}.Debug|Any CPU.ActiveCfg = Debug|Any CPU
		{A34446FC-8852-4A48-BE16-BF9337825AAE}.Debug|Any CPU.Build.0 = Debug|Any CPU
		{A34446FC-8852-4A48-BE16-BF9337825AAE}.Release|Any CPU.ActiveCfg = Release|Any CPU
		{A34446FC-8852-4A48-BE16-BF9337825AAE}.Release|Any CPU.Build.0 = Release|Any CPU
		{D73E50C8-359A-4680-9FA5-8C200DE0DBC3}.Debug|Any CPU.ActiveCfg = Debug|Any CPU
		{D73E50C8-359A-4680-9FA5-8C200DE0DBC3}.Debug|Any CPU.Build.0 = Debug|Any CPU
		{D73E50C8-359A-4680-9FA5-8C200DE0DBC3}.Release|Any CPU.ActiveCfg = Release|Any CPU
		{D73E50C8-359A-4680-9FA5-8C200DE0DBC3}.Release|Any CPU.Build.0 = Release|Any CPU
		{E2D1AD58-B249-459E-9F89-9FE05628B0D2}.Debug|Any CPU.ActiveCfg = Debug|Any CPU
		{E2D1AD58-B249-459E-9F89-9FE05628B0D2}.Debug|Any CPU.Build.0 = Debug|Any CPU
		{E2D1AD58-B249-459E-9F89-9FE05628B0D2}.Release|Any CPU.ActiveCfg = Release|Any CPU
		{E2D1AD58-B249-459E-9F89-9FE05628B0D2}.Release|Any CPU.Build.0 = Release|Any CPU
		{C1EFC4AD-35E9-4ED3-A555-04A68AF8F1AC}.Debug|Any CPU.ActiveCfg = Debug|Any CPU
		{C1EFC4AD-35E9-4ED3-A555-04A68AF8F1AC}.Debug|Any CPU.Build.0 = Debug|Any CPU
		{C1EFC4AD-35E9-4ED3-A555-04A68AF8F1AC}.Release|Any CPU.ActiveCfg = Release|Any CPU
		{C1EFC4AD-35E9-4ED3-A555-04A68AF8F1AC}.Release|Any CPU.Build.0 = Release|Any CPU
		{D45358C9-BE72-4174-85BF-4687C616C816}.Debug|Any CPU.ActiveCfg = Debug|Any CPU
		{D45358C9-BE72-4174-85BF-4687C616C816}.Debug|Any CPU.Build.0 = Debug|Any CPU
		{D45358C9-BE72-4174-85BF-4687C616C816}.Release|Any CPU.ActiveCfg = Release|Any CPU
		{D45358C9-BE72-4174-85BF-4687C616C816}.Release|Any CPU.Build.0 = Release|Any CPU
		{D5F0026C-4EE2-4EB0-A084-02F45414F04B}.Debug|Any CPU.ActiveCfg = Debug|Any CPU
		{D5F0026C-4EE2-4EB0-A084-02F45414F04B}.Debug|Any CPU.Build.0 = Debug|Any CPU
		{D5F0026C-4EE2-4EB0-A084-02F45414F04B}.Release|Any CPU.ActiveCfg = Release|Any CPU
		{D5F0026C-4EE2-4EB0-A084-02F45414F04B}.Release|Any CPU.Build.0 = Release|Any CPU
		{AA28E758-21CC-47F8-A011-87AE340ED2FE}.Debug|Any CPU.ActiveCfg = Debug|Any CPU
		{AA28E758-21CC-47F8-A011-87AE340ED2FE}.Debug|Any CPU.Build.0 = Debug|Any CPU
		{AA28E758-21CC-47F8-A011-87AE340ED2FE}.Release|Any CPU.ActiveCfg = Release|Any CPU
		{AA28E758-21CC-47F8-A011-87AE340ED2FE}.Release|Any CPU.Build.0 = Release|Any CPU
		{8A636904-F73D-4DC6-8D41-6CED288D2E79}.Debug|Any CPU.ActiveCfg = Debug|Any CPU
		{8A636904-F73D-4DC6-8D41-6CED288D2E79}.Debug|Any CPU.Build.0 = Debug|Any CPU
		{8A636904-F73D-4DC6-8D41-6CED288D2E79}.Release|Any CPU.ActiveCfg = Release|Any CPU
		{8A636904-F73D-4DC6-8D41-6CED288D2E79}.Release|Any CPU.Build.0 = Release|Any CPU
	EndGlobalSection
	GlobalSection(SolutionProperties) = preSolution
		HideSolutionNode = FALSE
	EndGlobalSection
	GlobalSection(NestedProjects) = preSolution
		{459BA81C-C476-4B85-AD7F-72CA8CD58BF1} = {976F2476-B648-4BF6-A06C-05AC61917715}
		{0343F034-44A7-4473-9A44-2AEBA4F9C756} = {976F2476-B648-4BF6-A06C-05AC61917715}
		{597ACEC5-7A26-4344-BE44-79B06A90A8BA} = {7159A1FB-0D0F-460A-A648-567AFCE45733}
		{3DA4AD98-8E82-47A2-9925-77252598E5BE} = {7159A1FB-0D0F-460A-A648-567AFCE45733}
		{BC43D1A1-D8B5-4632-9150-F945AF5390C7} = {459BA81C-C476-4B85-AD7F-72CA8CD58BF1}
		{D15249C7-977D-4A74-B596-BE0E08DC9E7B} = {0343F034-44A7-4473-9A44-2AEBA4F9C756}
		{9308B602-658B-4BD2-900F-BEA107A50B17} = {597ACEC5-7A26-4344-BE44-79B06A90A8BA}
		{4E1276F2-8CDF-43C6-98ED-9C89CF66A9EE} = {3DA4AD98-8E82-47A2-9925-77252598E5BE}
		{A34446FC-8852-4A48-BE16-BF9337825AAE} = {459BA81C-C476-4B85-AD7F-72CA8CD58BF1}
		{D73E50C8-359A-4680-9FA5-8C200DE0DBC3} = {0343F034-44A7-4473-9A44-2AEBA4F9C756}
		{E2D1AD58-B249-459E-9F89-9FE05628B0D2} = {597ACEC5-7A26-4344-BE44-79B06A90A8BA}
		{C1EFC4AD-35E9-4ED3-A555-04A68AF8F1AC} = {3DA4AD98-8E82-47A2-9925-77252598E5BE}
		{D45358C9-BE72-4174-85BF-4687C616C816} = {459BA81C-C476-4B85-AD7F-72CA8CD58BF1}
		{D5F0026C-4EE2-4EB0-A084-02F45414F04B} = {0343F034-44A7-4473-9A44-2AEBA4F9C756}
		{AA28E758-21CC-47F8-A011-87AE340ED2FE} = {459BA81C-C476-4B85-AD7F-72CA8CD58BF1}
		{8A636904-F73D-4DC6-8D41-6CED288D2E79} = {0343F034-44A7-4473-9A44-2AEBA4F9C756}
	EndGlobalSection
EndGlobal
