
Microsoft Visual Studio Solution File, Format Version 12.00
# Visual Studio 2013
VisualStudioVersion = 12.0.30723.0
MinimumVisualStudioVersion = 10.0.40219.1
Project("{2150E333-8FDC-42A3-9474-1A3956D46DE8}") = "External libs", "External libs", "{612E19AD-1E45-42CB-972F-C72EDE6E0281}"
EndProject
Project("{2150E333-8FDC-42A3-9474-1A3956D46DE8}") = "Server", "Server", "{DC09FFA8-06A6-4500-8A9E-BAE8BAEE1677}"
EndProject
Project("{FAE04EC0-301F-11D3-BF4B-00C04F79EFBC}") = "MarcelJoachimKloubert.CLRToolboxReloaded.NET4_5.Libs", "..\..\MarcelJoachimKloubert.CLRToolboxReloaded.NET4_5.Libs\MarcelJoachimKloubert.CLRToolboxReloaded.NET4_5.Libs.csproj", "{D73E50C8-359A-4680-9FA5-8C200DE0DBC3}"
EndProject
Project("{FAE04EC0-301F-11D3-BF4B-00C04F79EFBC}") = "MarcelJoachimKloubert.CLRToolboxReloaded.NET4_5", "..\..\MarcelJoachimKloubert.CLRToolboxReloaded.NET4_5\MarcelJoachimKloubert.CLRToolboxReloaded.NET4_5.csproj", "{D15249C7-977D-4A74-B596-BE0E08DC9E7B}"
EndProject
Project("{FAE04EC0-301F-11D3-BF4B-00C04F79EFBC}") = "MarcelJoachimKloubert.ApplicationServer.SDK", "MarcelJoachimKloubert.ApplicationServer.SDK\MarcelJoachimKloubert.ApplicationServer.SDK.csproj", "{3FECD3CC-8AC9-4865-A7DB-ED2A5C080AD4}"
EndProject
Project("{FAE04EC0-301F-11D3-BF4B-00C04F79EFBC}") = "MarcelJoachimKloubert.ApplicationServer", "MarcelJoachimKloubert.ApplicationServer\MarcelJoachimKloubert.ApplicationServer.csproj", "{1EE34AF0-8AEE-4FA6-8910-4BA21215758E}"
EndProject
Project("{FAE04EC0-301F-11D3-BF4B-00C04F79EFBC}") = "MarcelJoachimKloubert.ApplicationServer.TestHost", "MarcelJoachimKloubert.ApplicationServer.TestHost\MarcelJoachimKloubert.ApplicationServer.TestHost.csproj", "{4708054D-5C0C-46CA-AA83-6B57C03DB0A5}"
EndProject
Project("{2150E333-8FDC-42A3-9474-1A3956D46DE8}") = "Modules", "Modules", "{F5FBD054-C986-4675-8960-2FDC28DC02D8}"
EndProject
Project("{FAE04EC0-301F-11D3-BF4B-00C04F79EFBC}") = "MarcelJoachimKloubert.ApplicationServer.Modules.Api", "MarcelJoachimKloubert.ApplicationServer.Modules.Api\MarcelJoachimKloubert.ApplicationServer.Modules.Api.csproj", "{8718723B-8548-4B68-8577-FC4EF97C7A4E}"
EndProject
Global
	GlobalSection(SolutionConfigurationPlatforms) = preSolution
		Debug|Any CPU = Debug|Any CPU
		Release|Any CPU = Release|Any CPU
	EndGlobalSection
	GlobalSection(ProjectConfigurationPlatforms) = postSolution
		{D73E50C8-359A-4680-9FA5-8C200DE0DBC3}.Debug|Any CPU.ActiveCfg = Debug|Any CPU
		{D73E50C8-359A-4680-9FA5-8C200DE0DBC3}.Debug|Any CPU.Build.0 = Debug|Any CPU
		{D73E50C8-359A-4680-9FA5-8C200DE0DBC3}.Release|Any CPU.ActiveCfg = Release|Any CPU
		{D73E50C8-359A-4680-9FA5-8C200DE0DBC3}.Release|Any CPU.Build.0 = Release|Any CPU
		{D15249C7-977D-4A74-B596-BE0E08DC9E7B}.Debug|Any CPU.ActiveCfg = Debug|Any CPU
		{D15249C7-977D-4A74-B596-BE0E08DC9E7B}.Debug|Any CPU.Build.0 = Debug|Any CPU
		{D15249C7-977D-4A74-B596-BE0E08DC9E7B}.Release|Any CPU.ActiveCfg = Release|Any CPU
		{D15249C7-977D-4A74-B596-BE0E08DC9E7B}.Release|Any CPU.Build.0 = Release|Any CPU
		{3FECD3CC-8AC9-4865-A7DB-ED2A5C080AD4}.Debug|Any CPU.ActiveCfg = Debug|Any CPU
		{3FECD3CC-8AC9-4865-A7DB-ED2A5C080AD4}.Debug|Any CPU.Build.0 = Debug|Any CPU
		{3FECD3CC-8AC9-4865-A7DB-ED2A5C080AD4}.Release|Any CPU.ActiveCfg = Release|Any CPU
		{3FECD3CC-8AC9-4865-A7DB-ED2A5C080AD4}.Release|Any CPU.Build.0 = Release|Any CPU
		{1EE34AF0-8AEE-4FA6-8910-4BA21215758E}.Debug|Any CPU.ActiveCfg = Debug|Any CPU
		{1EE34AF0-8AEE-4FA6-8910-4BA21215758E}.Debug|Any CPU.Build.0 = Debug|Any CPU
		{1EE34AF0-8AEE-4FA6-8910-4BA21215758E}.Release|Any CPU.ActiveCfg = Release|Any CPU
		{1EE34AF0-8AEE-4FA6-8910-4BA21215758E}.Release|Any CPU.Build.0 = Release|Any CPU
		{4708054D-5C0C-46CA-AA83-6B57C03DB0A5}.Debug|Any CPU.ActiveCfg = Debug|Any CPU
		{4708054D-5C0C-46CA-AA83-6B57C03DB0A5}.Debug|Any CPU.Build.0 = Debug|Any CPU
		{4708054D-5C0C-46CA-AA83-6B57C03DB0A5}.Release|Any CPU.ActiveCfg = Release|Any CPU
		{4708054D-5C0C-46CA-AA83-6B57C03DB0A5}.Release|Any CPU.Build.0 = Release|Any CPU
		{8718723B-8548-4B68-8577-FC4EF97C7A4E}.Debug|Any CPU.ActiveCfg = Debug|Any CPU
		{8718723B-8548-4B68-8577-FC4EF97C7A4E}.Debug|Any CPU.Build.0 = Debug|Any CPU
		{8718723B-8548-4B68-8577-FC4EF97C7A4E}.Release|Any CPU.ActiveCfg = Release|Any CPU
		{8718723B-8548-4B68-8577-FC4EF97C7A4E}.Release|Any CPU.Build.0 = Release|Any CPU
	EndGlobalSection
	GlobalSection(SolutionProperties) = preSolution
		HideSolutionNode = FALSE
	EndGlobalSection
	GlobalSection(NestedProjects) = preSolution
		{D73E50C8-359A-4680-9FA5-8C200DE0DBC3} = {612E19AD-1E45-42CB-972F-C72EDE6E0281}
		{D15249C7-977D-4A74-B596-BE0E08DC9E7B} = {612E19AD-1E45-42CB-972F-C72EDE6E0281}
		{3FECD3CC-8AC9-4865-A7DB-ED2A5C080AD4} = {DC09FFA8-06A6-4500-8A9E-BAE8BAEE1677}
		{1EE34AF0-8AEE-4FA6-8910-4BA21215758E} = {DC09FFA8-06A6-4500-8A9E-BAE8BAEE1677}
		{F5FBD054-C986-4675-8960-2FDC28DC02D8} = {DC09FFA8-06A6-4500-8A9E-BAE8BAEE1677}
		{8718723B-8548-4B68-8577-FC4EF97C7A4E} = {F5FBD054-C986-4675-8960-2FDC28DC02D8}
	EndGlobalSection
EndGlobal
